
Microsoft Visual Studio Solution File, Format Version 12.00
# Visual Studio Version 16
VisualStudioVersion = 16.0.31911.196
MinimumVisualStudioVersion = 10.0.40219.1
Project("{9A19103F-16F7-4668-BE54-9A1E7A4F7556}") = "ServerCore", "ServerCore\ServerCore.csproj", "{00E73981-D2CE-408B-B939-6A1B4B3DC5FA}"
EndProject
Project("{9A19103F-16F7-4668-BE54-9A1E7A4F7556}") = "DummyClient", "DummyClient\DummyClient.csproj", "{4179BBE5-B1FB-4706-B30C-7F211FFABCD7}"
EndProject
Global
	GlobalSection(SolutionConfigurationPlatforms) = preSolution
		Debug|Any CPU = Debug|Any CPU
		Release|Any CPU = Release|Any CPU
	EndGlobalSection
	GlobalSection(ProjectConfigurationPlatforms) = postSolution
		{00E73981-D2CE-408B-B939-6A1B4B3DC5FA}.Debug|Any CPU.ActiveCfg = Debug|Any CPU
		{00E73981-D2CE-408B-B939-6A1B4B3DC5FA}.Debug|Any CPU.Build.0 = Debug|Any CPU
		{00E73981-D2CE-408B-B939-6A1B4B3DC5FA}.Release|Any CPU.ActiveCfg = Release|Any CPU
		{00E73981-D2CE-408B-B939-6A1B4B3DC5FA}.Release|Any CPU.Build.0 = Release|Any CPU
		{4179BBE5-B1FB-4706-B30C-7F211FFABCD7}.Debug|Any CPU.ActiveCfg = Debug|Any CPU
		{4179BBE5-B1FB-4706-B30C-7F211FFABCD7}.Debug|Any CPU.Build.0 = Debug|Any CPU
		{4179BBE5-B1FB-4706-B30C-7F211FFABCD7}.Release|Any CPU.ActiveCfg = Release|Any CPU
		{4179BBE5-B1FB-4706-B30C-7F211FFABCD7}.Release|Any CPU.Build.0 = Release|Any CPU
	EndGlobalSection
	GlobalSection(SolutionProperties) = preSolution
		HideSolutionNode = FALSE
	EndGlobalSection
	GlobalSection(ExtensibilityGlobals) = postSolution
		SolutionGuid = {D623ABEA-EADC-4391-B823-32C48E6B424F}
	EndGlobalSection
EndGlobal
